
Microsoft Visual Studio Solution File, Format Version 12.00
Project("{FAE04EC0-301F-11D3-BF4B-00C04F79EFBC}") = "sharp_lab1", "sharp_lab1\sharp_lab1.csproj", "{43954A8A-F2C8-49C5-8539-082F04E5BF3F}"
EndProject
Global
	GlobalSection(SolutionConfigurationPlatforms) = preSolution
		Debug|Any CPU = Debug|Any CPU
		Release|Any CPU = Release|Any CPU
	EndGlobalSection
	GlobalSection(ProjectConfigurationPlatforms) = postSolution
		{43954A8A-F2C8-49C5-8539-082F04E5BF3F}.Debug|Any CPU.ActiveCfg = Debug|Any CPU
		{43954A8A-F2C8-49C5-8539-082F04E5BF3F}.Debug|Any CPU.Build.0 = Debug|Any CPU
		{43954A8A-F2C8-49C5-8539-082F04E5BF3F}.Release|Any CPU.ActiveCfg = Release|Any CPU
		{43954A8A-F2C8-49C5-8539-082F04E5BF3F}.Release|Any CPU.Build.0 = Release|Any CPU
	EndGlobalSection
EndGlobal
